dependencies:
- name: postgresql
  repository: oci://registry-1.docker.io/bitnamicharts
  version: 18.7.10
- name: valkey
  repository: https://valkey.io/valkey-helm/
  version: 0.9.3
- name: neo4j
  repository: https://helm.neo4j.com/neo4j
  version: 2025.12.1
digest: sha256:11843bec43d1ece9cdb8c2b2c67e64d07a88479dd4f3729fe8d64515aaf71575
generated: "2026-07-08T12:08:21.242574174Z"
